
Microsoft Visual Studio Solution File, Format Version 12.00
# Visual Studio Version 16
VisualStudioVersion = 16.0.31424.327
MinimumVisualStudioVersion = 10.0.40219.1
Project("{FAE04EC0-301F-11D3-BF4B-00C04F79EFBC}") = "CIOFContractSample_Factory", "CIOFContractSample_Factory\CIOFContractSample_Factory.csproj", "{BEC81308-3F62-4815-9625-1C5F0C3C1141}"
EndProject
Global
	GlobalSection(SolutionConfigurationPlatforms) = preSolution
		Debug|Any CPU = Debug|Any CPU
		Release|Any CPU = Release|Any CPU
	EndGlobalSection
	GlobalSection(ProjectConfigurationPlatforms) = postSolution
		{BEC81308-3F62-4815-9625-1C5F0C3C1141}.Debug|Any CPU.ActiveCfg = Debug|Any CPU
		{BEC81308-3F62-4815-9625-1C5F0C3C1141}.Debug|Any CPU.Build.0 = Debug|Any CPU
		{BEC81308-3F62-4815-9625-1C5F0C3C1141}.Release|Any CPU.ActiveCfg = Release|Any CPU
		{BEC81308-3F62-4815-9625-1C5F0C3C1141}.Release|Any CPU.Build.0 = Release|Any CPU
	EndGlobalSection
	GlobalSection(SolutionProperties) = preSolution
		HideSolutionNode = FALSE
	EndGlobalSection
	GlobalSection(ExtensibilityGlobals) = postSolution
		SolutionGuid = {C246ECD8-9924-4D5E-A860-C5A824742120}
	EndGlobalSection
EndGlobal
